Microsoft Visual Studio Solution File, Format Version 11.00
# Visual Studio 2008

Project("{85419211-B017-B861-1A48-EDA03F2829D0}") = "MantaUI", "Assembly-CSharp.csproj", "{7E88F8A4-78F4-2A32-04A1-38CABADD8284}"
EndProject
Global
	GlobalSection(SolutionConfigurationPlatforms) = preSolution
		Debug|Any CPU = Debug|Any CPU
		Release|Any CPU = Release|Any CPU
	EndGlobalSection
	GlobalSection(ProjectConfigurationPlatforms) = postSolution
		{7E88F8A4-78F4-2A32-04A1-38CABADD8284}.Debug|Any CPU.ActiveCfg = Debug|Any CPU
		{7E88F8A4-78F4-2A32-04A1-38CABADD8284}.Debug|Any CPU.Build.0 = Debug|Any CPU
		{7E88F8A4-78F4-2A32-04A1-38CABADD8284}.Release|Any CPU.ActiveCfg = Release|Any CPU
		{7E88F8A4-78F4-2A32-04A1-38CABADD8284}.Release|Any CPU.Build.0 = Release|Any CPU
	EndGlobalSection
	GlobalSection(SolutionProperties) = preSolution
		HideSolutionNode = FALSE
	EndGlobalSection
	GlobalSection(MonoDevelopProperties) = preSolution
		StartupItem = Assembly-CSharp.csproj
	EndGlobalSection
EndGlobal
